// !$*UTF8*$!
{
	archiveVersion = 1;
	classes = {
	};
	objectVersion = 55;
	objects = {

/* Begin PBXBuildFile section */
		B55AD03D28D8EA7700DE6CE2 /* ModelData.swift in Sources */ = {isa = PBXBuildFile; fileRef = B55AD03C28D8EA7700DE6CE2 /* ModelData.swift */; };
		B55AD03F28D8EABB00DE6CE2 /* NetworkingLayer.swift in Sources */ = {isa = PBXBuildFile; fileRef = B55AD03E28D8EABB00DE6CE2 /* NetworkingLayer.swift */; };
		B55AD04128D9142400DE6CE2 /* DetailViewController.swift in Sources */ = {isa = PBXBuildFile; fileRef = B55AD04028D9142400DE6CE2 /* DetailViewController.swift */; };
		B55AD04328D9162300DE6CE2 /* TableViewCell.swift in Sources */ = {isa = PBXBuildFile; fileRef = B55AD04228D9162300DE6CE2 /* TableViewCell.swift */; };
		B55AD04528E147B500DE6CE2 /* image-not-found copy.jpeg in Resources */ = {isa = PBXBuildFile; fileRef = B55AD04428E147B400DE6CE2 /* image-not-found copy.jpeg */; };
		B58A517C28ECF8740024CA4A /* image-not-found.jpeg in Resources */ = {isa = PBXBuildFile; fileRef = B58A517B28ECF8740024CA4A /* image-not-found.jpeg */; };
		B5C48D5628D8E8ED00931D2E /* AppDelegate.swift in Sources */ = {isa = PBXBuildFile; fileRef = B5C48D5528D8E8ED00931D2E /* AppDelegate.swift */; };
		B5C48D5828D8E8ED00931D2E /* SceneDelegate.swift in Sources */ = {isa = PBXBuildFile; fileRef = B5C48D5728D8E8ED00931D2E /* SceneDelegate.swift */; };
		B5C48D5A28D8E8ED00931D2E /* ViewController.swift in Sources */ = {isa = PBXBuildFile; fileRef = B5C48D5928D8E8ED00931D2E /* ViewController.swift */; };
		B5C48D5D28D8E8ED00931D2E /* Main.storyboard in Resources */ = {isa = PBXBuildFile; fileRef = B5C48D5B28D8E8ED00931D2E /* Main.storyboard */; };
		B5C48D5F28D8E8F000931D2E /* Assets.xcassets in Resources */ = {isa = PBXBuildFile; fileRef = B5C48D5E28D8E8F000931D2E /* Assets.xcassets */; };
		B5C48D6228D8E8F000931D2E /* LaunchScreen.storyboard in Resources */ = {isa = PBXBuildFile; fileRef = B5C48D6028D8E8F000931D2E /* LaunchScreen.storyboard */; };
		B5EA1E6128EA592A008AC94D /* ImageTableViewCell.swift in Sources */ = {isa = PBXBuildFile; fileRef = B5EA1E6028EA592A008AC94D /* ImageTableViewCell.swift */; };
		B5EA1E6528EA5E99008AC94D /* ImageViewController.swift in Sources */ = {isa = PBXBuildFile; fileRef = B5EA1E6428EA5E99008AC94D /* ImageViewController.swift */; };
/* End PBXBuildFile section */

/* Begin PBXFileReference section */
		B55AD03C28D8EA7700DE6CE2 /* ModelData.swift */ = {isa = PBXFileReference; lastKnownFileType = sourcecode.swift; path = ModelData.swift; sourceTree = "<group>"; };
		B55AD03E28D8EABB00DE6CE2 /* NetworkingLayer.swift */ = {isa = PBXFileReference; lastKnownFileType = sourcecode.swift; path = NetworkingLayer.swift; sourceTree = "<group>"; };
		B55AD04028D9142400DE6CE2 /* DetailViewController.swift */ = {isa = PBXFileReference; lastKnownFileType = sourcecode.swift; path = DetailViewController.swift; sourceTree = "<group>"; };
		B55AD04228D9162300DE6CE2 /* TableViewCell.swift */ = {isa = PBXFileReference; lastKnownFileType = sourcecode.swift; path = TableViewCell.swift; sourceTree = "<group>"; };
		B55AD04428E147B400DE6CE2 /* image-not-found copy.jpeg */ = {isa = PBXFileReference; lastKnownFileType = image.jpeg; path = "image-not-found copy.jpeg"; sourceTree = "<group>"; };
		B58A517B28ECF8740024CA4A /* image-not-found.jpeg */ = {isa = PBXFileReference; lastKnownFileType = image.jpeg; path = "image-not-found.jpeg"; sourceTree = "<group>"; };
		B5C48D5228D8E8ED00931D2E /* KoalaApp.app */ = {isa = PBXFileReference; explicitFileType = wrapper.application; includeInIndex = 0; path = KoalaApp.app; sourceTree = BUILT_PRODUCTS_DIR; };
		B5C48D5528D8E8ED00931D2E /* AppDelegate.swift */ = {isa = PBXFileReference; lastKnownFileType = sourcecode.swift; path = AppDelegate.swift; sourceTree = "<group>"; };
		B5C48D5728D8E8ED00931D2E /* SceneDelegate.swift */ = {isa = PBXFileReference; lastKnownFileType = sourcecode.swift; path = SceneDelegate.swift; sourceTree = "<group>"; };
		B5C48D5928D8E8ED00931D2E /* ViewController.swift */ = {isa = PBXFileReference; lastKnownFileType = sourcecode.swift; path = ViewController.swift; sourceTree = "<group>"; };
		B5C48D5C28D8E8ED00931D2E /* Base */ = {isa = PBXFileReference; lastKnownFileType = file.storyboard; name = Base; path = Base.lproj/Main.storyboard; sourceTree = "<group>"; };
		B5C48D5E28D8E8F000931D2E /* Assets.xcassets */ = {isa = PBXFileReference; lastKnownFileType = folder.assetcatalog; path = Assets.xcassets; sourceTree = "<group>"; };
		B5C48D6128D8E8F000931D2E /* Base */ = {isa = PBXFileReference; lastKnownFileType = file.storyboard; name = Base; path = Base.lproj/LaunchScreen.storyboard; sourceTree = "<group>"; };
		B5C48D6328D8E8F000931D2E /* Info.plist */ = {isa = PBXFileReference; lastKnownFileType = text.plist.xml; path = Info.plist; sourceTree = "<group>"; };
		B5EA1E6028EA592A008AC94D /* ImageTableViewCell.swift */ = {isa = PBXFileReference; lastKnownFileType = sourcecode.swift; path = ImageTableViewCell.swift; sourceTree = "<group>"; };
		B5EA1E6428EA5E99008AC94D /* ImageViewController.swift */ = {isa = PBXFileReference; fileEncoding = 4; lastKnownFileType = sourcecode.swift; path = ImageViewController.swift; sourceTree = "<group>"; };
/* End PBXFileReference section */

/* Begin PBXFrameworksBuildPhase section */
		B5C48D4F28D8E8ED00931D2E /* Frameworks */ = {
			isa = PBXFrameworksBuildPhase;
			buildActionMask = 2147483647;
			files = (
			);
			runOnlyForDeploymentPostprocessing = 0;
		};
/* End PBXFrameworksBuildPhase section */

/* Begin PBXGroup section */
		B5C48D4928D8E8ED00931D2E = {
			isa = PBXGroup;
			children = (
				B5C48D5428D8E8ED00931D2E /* KoalaApp */,
				B5C48D5328D8E8ED00931D2E /* Products */,
			);
			sourceTree = "<group>";
		};
		B5C48D5328D8E8ED00931D2E /* Products */ = {
			isa = PBXGroup;
			children = (
				B5C48D5228D8E8ED00931D2E /* KoalaApp.app */,
			);
			name = Products;
			sourceTree = "<group>";
		};
		B5C48D5428D8E8ED00931D2E /* KoalaApp */ = {
			isa = PBXGroup;
			children = (
				B5C48D5528D8E8ED00931D2E /* AppDelegate.swift */,
				B5C48D5728D8E8ED00931D2E /* SceneDelegate.swift */,
				B5C48D5928D8E8ED00931D2E /* ViewController.swift */,
				B58A517B28ECF8740024CA4A /* image-not-found.jpeg */,
				B55AD04428E147B400DE6CE2 /* image-not-found copy.jpeg */,
				B55AD03E28D8EABB00DE6CE2 /* NetworkingLayer.swift */,
				B55AD03C28D8EA7700DE6CE2 /* ModelData.swift */,
				B5C48D5B28D8E8ED00931D2E /* Main.storyboard */,
				B55AD04028D9142400DE6CE2 /* DetailViewController.swift */,
				B55AD04228D9162300DE6CE2 /* TableViewCell.swift */,
				B5EA1E6028EA592A008AC94D /* ImageTableViewCell.swift */,
				B5EA1E6428EA5E99008AC94D /* ImageViewController.swift */,
				B5C48D5E28D8E8F000931D2E /* Assets.xcassets */,
				B5C48D6028D8E8F000931D2E /* LaunchScreen.storyboard */,
				B5C48D6328D8E8F000931D2E /* Info.plist */,
			);
			path = KoalaApp;
			sourceTree = "<group>";
		};
/* End PBXGroup section */

/* Begin PBXNativeTarget section */
		B5C48D5128D8E8ED00931D2E /* KoalaApp */ = {
			isa = PBXNativeTarget;
			buildConfigurationList = B5C48D6628D8E8F000931D2E /* Build configuration list for PBXNativeTarget "KoalaApp" */;
			buildPhases = (
				B5C48D4E28D8E8ED00931D2E /* Sources */,
				B5C48D4F28D8E8ED00931D2E /* Frameworks */,
				B5C48D5028D8E8ED00931D2E /* Resources */,
			);
			buildRules = (
			);
			dependencies = (
			);
			name = KoalaApp;
			productName = KoalaApp;
			productReference = B5C48D5228D8E8ED00931D2E /* KoalaApp.app */;
			productType = "com.apple.product-type.application";
		};
/* End PBXNativeTarget section */

/* Begin PBXProject section */
		B5C48D4A28D8E8ED00931D2E /* Project object */ = {
			isa = PBXProject;
			attributes = {
				BuildIndependentTargetsInParallel = 1;
				LastSwiftUpdateCheck = 1340;
				LastUpgradeCheck = 1340;
				TargetAttributes = {
					B5C48D5128D8E8ED00931D2E = {
						CreatedOnToolsVersion = 13.4.1;
					};
				};
			};
			buildConfigurationList = B5C48D4D28D8E8ED00931D2E /* Build configuration list for PBXProject "KoalaApp" */;
			compatibilityVersion = "Xcode 13.0";
			developmentRegion = en;
			hasScannedForEncodings = 0;
			knownRegions = (
				en,
				Base,
			);
			mainGroup = B5C48D4928D8E8ED00931D2E;
			productRefGroup = B5C48D5328D8E8ED00931D2E /* Products */;
			projectDirPath = "";
			projectRoot = "";
			targets = (
				B5C48D5128D8E8ED00931D2E /* KoalaApp */,
			);
		};
/* End PBXProject section */

/* Begin PBXResourcesBuildPhase section */
		B5C48D5028D8E8ED00931D2E /* Resources */ = {
			isa = PBXResourcesBuildPhase;
			buildActionMask = 2147483647;
			files = (
				B5C48D6228D8E8F000931D2E /* LaunchScreen.storyboard in Resources */,
				B58A517C28ECF8740024CA4A /* image-not-found.jpeg in Resources */,
				B5C48D5F28D8E8F000931D2E /* Assets.xcassets in Resources */,
				B55AD04528E147B500DE6CE2 /* image-not-found copy.jpeg in Resources */,
				B5C48D5D28D8E8ED00931D2E /* Main.storyboard in Resources */,
			);
			runOnlyForDeploymentPostprocessing = 0;
		};
/* End PBXResourcesBuildPhase section */

/* Begin PBXSourcesBuildPhase section */
		B5C48D4E28D8E8ED00931D2E /* Sources */ = {
			isa = PBXSourcesBuildPhase;
			buildActionMask = 2147483647;
			files = (
				B5C48D5A28D8E8ED00931D2E /* ViewController.swift in Sources */,
				B5EA1E6528EA5E99008AC94D /* ImageViewController.swift in Sources */,
				B5EA1E6128EA592A008AC94D /* ImageTableViewCell.swift in Sources */,
				B55AD03D28D8EA7700DE6CE2 /* ModelData.swift in Sources */,
				B55AD03F28D8EABB00DE6CE2 /* NetworkingLayer.swift in Sources */,
				B55AD04128D9142400DE6CE2 /* DetailViewController.swift in Sources */,
				B5C48D5628D8E8ED00931D2E /* AppDelegate.swift in Sources */,
				B55AD04328D9162300DE6CE2 /* TableViewCell.swift in Sources */,
				B5C48D5828D8E8ED00931D2E /* SceneDelegate.swift in Sources */,
			);
			runOnlyForDeploymentPostprocessing = 0;
		};
/* End PBXSourcesBuildPhase section */

/* Begin PBXVariantGroup section */
		B5C48D5B28D8E8ED00931D2E /* Main.storyboard */ = {
			isa = PBXVariantGroup;
			children = (
				B5C48D5C28D8E8ED00931D2E /* Base */,
			);
			name = Main.storyboard;
			sourceTree = "<group>";
		};
		B5C48D6028D8E8F000931D2E /* LaunchScreen.storyboard */ = {
			isa = PBXVariantGroup;
			children = (
				B5C48D6128D8E8F000931D2E /* Base */,
			);
			name = LaunchScreen.storyboard;
			sourceTree = "<group>";
		};
/* End PBXVariantGroup section */

/* Begin XCBuildConfiguration section */
		B5C48D6428D8E8F000931D2E /* Debug */ = {
			isa = XCBuildConfiguration;
			buildSettings = {
				ALWAYS_SEARCH_USER_PATHS = NO;
				CLANG_ANALYZER_NONNULL = YES;
				CLANG_ANALYZER_NUMBER_OBJECT_CONVERSION = YES_AGGRESSIVE;
				CLANG_CXX_LANGUAGE_STANDARD = "gnu++17";
				CLANG_ENABLE_MODULES = YES;
				CLANG_ENABLE_OBJC_ARC = YES;
				CLANG_ENABLE_OBJC_WEAK = YES;
				CLANG_WARN_BLOCK_CAPTURE_AUTORELEASING = YES;
				CLANG_WARN_BOOL_CONVERSION = YES;
				CLANG_WARN_COMMA = YES;
				CLANG_WARN_CONSTANT_CONVERSION = YES;
				CLANG_WARN_DEPRECATED_OBJC_IMPLEMENTATIONS = YES;
				CLANG_WARN_DIRECT_OBJC_ISA_USAGE = YES_ERROR;
				CLANG_WARN_DOCUMENTATION_COMMENTS = YES;
				CLANG_WARN_EMPTY_BODY = YES;
				CLANG_WARN_ENUM_CONVERSION = YES;
				CLANG_WARN_INFINITE_RECURSION = YES;
				CLANG_WARN_INT_CONVERSION = YES;
				CLANG_WARN_NON_LITERAL_NULL_CONVERSION = YES;
				CLANG_WARN_OBJC_IMPLICIT_RETAIN_SELF = YES;
				CLANG_WARN_OBJC_LITERAL_CONVERSION = YES;
				CLANG_WARN_OBJC_ROOT_CLASS = YES_ERROR;
				CLANG_WARN_QUOTED_INCLUDE_IN_FRAMEWORK_HEADER = YES;
				CLANG_WARN_RANGE_LOOP_ANALYSIS = YES;
				CLANG_WARN_STRICT_PROTOTYPES = YES;
				CLANG_WARN_SUSPICIOUS_MOVE = YES;
				CLANG_WARN_UNGUARDED_AVAILABILITY = YES_AGGRESSIVE;
				CLANG_WARN_UNREACHABLE_CODE = YES;
				CLANG_WARN__DUPLICATE_METHOD_MATCH = YES;
				COPY_PHASE_STRIP = NO;
				DEBUG_INFORMATION_FORMAT = dwarf;
				ENABLE_STRICT_OBJC_MSGSEND = YES;
				ENABLE_TESTABILITY = YES;
				GCC_C_LANGUAGE_STANDARD = gnu11;
				GCC_DYNAMIC_NO_PIC = NO;
				GCC_NO_COMMON_BLOCKS = YES;
				GCC_OPTIMIZATION_LEVEL = 0;
				GCC_PREPROCESSOR_DEFINITIONS = (
					"DEBUG=1",
					"$(inherited)",
				);
				GCC_WARN_64_TO_32_BIT_CONVERSION = YES;
				GCC_WARN_ABOUT_RETURN_TYPE = YES_ERROR;
				GCC_WARN_UNDECLARED_SELECTOR = YES;
				GCC_WARN_UNINITIALIZED_AUTOS = YES_AGGRESSIVE;
				GCC_WARN_UNUSED_FUNCTION = YES;
				GCC_WARN_UNUSED_VARIABLE = YES;
				IPHONEOS_DEPLOYMENT_TARGET = 15.5;
				MTL_ENABLE_DEBUG_INFO = INCLUDE_SOURCE;
				MTL_FAST_MATH = YES;
				ONLY_ACTIVE_ARCH = YES;
				SDKROOT = iphoneos;
				SWIFT_ACTIVE_COMPILATION_CONDITIONS = DEBUG;
				SWIFT_OPTIMIZATION_LEVEL = "-Onone";
			};
			name = Debug;
		};
		B5C48D6528D8E8F000931D2E /* Release */ = {
			isa = XCBuildConfiguration;
			buildSettings = {
				ALWAYS_SEARCH_USER_PATHS = NO;
				CLANG_ANALYZER_NONNULL = YES;
				CLANG_ANALYZER_NUMBER_OBJECT_CONVERSION = YES_AGGRESSIVE;
				CLANG_CXX_LANGUAGE_STANDARD = "gnu++17";
				CLANG_ENABLE_MODULES = YES;
				CLANG_ENABLE_OBJC_ARC = YES;
				CLANG_ENABLE_OBJC_WEAK = YES;
				CLANG_WARN_BLOCK_CAPTURE_AUTORELEASING = YES;
				CLANG_WARN_BOOL_CONVERSION = YES;
				CLANG_WARN_COMMA = YES;
				CLANG_WARN_CONSTANT_CONVERSION = YES;
				CLANG_WARN_DEPRECATED_OBJC_IMPLEMENTATIONS = YES;
				CLANG_WARN_DIRECT_OBJC_ISA_USAGE = YES_ERROR;
				CLANG_WARN_DOCUMENTATION_COMMENTS = YES;
				CLANG_WARN_EMPTY_BODY = YES;
				CLANG_WARN_ENUM_CONVERSION = YES;
				CLANG_WARN_INFINITE_RECURSION = YES;
				CLANG_WARN_INT_CONVERSION = YES;
				CLANG_WARN_NON_LITERAL_NULL_CONVERSION = YES;
				CLANG_WARN_OBJC_IMPLICIT_RETAIN_SELF = YES;
				CLANG_WARN_OBJC_LITERAL_CONVERSION = YES;
				CLANG_WARN_OBJC_ROOT_CLASS = YES_ERROR;
				CLANG_WARN_QUOTED_INCLUDE_IN_FRAMEWORK_HEADER = YES;
				CLANG_WARN_RANGE_LOOP_ANALYSIS = YES;
				CLANG_WARN_STRICT_PROTOTYPES = YES;
				CLANG_WARN_SUSPICIOUS_MOVE = YES;
				CLANG_WARN_UNGUARDED_AVAILABILITY = YES_AGGRESSIVE;
				CLANG_WARN_UNREACHABLE_CODE = YES;
				CLANG_WARN__DUPLICATE_METHOD_MATCH = YES;
				COPY_PHASE_STRIP = NO;
				DEBUG_INFORMATION_FORMAT = "dwarf-with-dsym";
				ENABLE_NS_ASSERTIONS = NO;
				ENABLE_STRICT_OBJC_MSGSEND = YES;
				GCC_C_LANGUAGE_STANDARD = gnu11;
				GCC_NO_COMMON_BLOCKS = YES;
				GCC_WARN_64_TO_32_BIT_CONVERSION = YES;
				GCC_WARN_ABOUT_RETURN_TYPE = YES_ERROR;
				GCC_WARN_UNDECLARED_SELECTOR = YES;
				GCC_WARN_UNINITIALIZED_AUTOS = YES_AGGRESSIVE;
				GCC_WARN_UNUSED_FUNCTION = YES;
				GCC_WARN_UNUSED_VARIABLE = YES;
				IPHONEOS_DEPLOYMENT_TARGET = 15.5;
				MTL_ENABLE_DEBUG_INFO = NO;
				MTL_FAST_MATH = YES;
				SDKROOT = iphoneos;
				SWIFT_COMPILATION_MODE = wholemodule;
				SWIFT_OPTIMIZATION_LEVEL = "-O";
				VALIDATE_PRODUCT = YES;
			};
			name = Release;
		};
		B5C48D6728D8E8F000931D2E /* Debug */ = {
			isa = XCBuildConfiguration;
			buildSettings = {
				ASSETCATALOG_COMPILER_APPICON_NAME = AppIcon;
				ASSETCATALOG_COMPILER_GLOBAL_ACCENT_COLOR_NAME = AccentColor;
				CODE_SIGN_STYLE = Automatic;
				CURRENT_PROJECT_VERSION = 1;
				DEVELOPMENT_TEAM = 343NX53M5H;
				GENERATE_INFOPLIST_FILE = YES;
				INFOPLIST_FILE = KoalaApp/Info.plist;
				INFOPLIST_KEY_UIApplicationSupportsIndirectInputEvents = YES;
				INFOPLIST_KEY_UILaunchStoryboardName = LaunchScreen;
				INFOPLIST_KEY_UIMainStoryboardFile = Main;
				INFOPLIST_KEY_UISupportedInterfaceOrientations_iPad = "UIInterfaceOrientationPortrait UIInterfaceOrientationPortraitUpsideDown UIInterfaceOrientationLandscapeLeft UIInterfaceOrientationLandscapeRight";
				INFOPLIST_KEY_UISupportedInterfaceOrientations_iPhone = "UIInterfaceOrientationPortrait UIInterfaceOrientationLandscapeLeft UIInterfaceOrientationLandscapeRight";
				LD_RUNPATH_SEARCH_PATHS = (
					"$(inherited)",
					"@executable_path/Frameworks",
				);
				MARKETING_VERSION = 1.0;
				PRODUCT_BUNDLE_IDENTIFIER = com.NerdInventions.KoalaApp;
				PRODUCT_NAME = "$(TARGET_NAME)";
				SWIFT_EMIT_LOC_STRINGS = YES;
				SWIFT_VERSION = 5.0;
				TARGETED_DEVICE_FAMILY = "1,2";
			};
			name = Debug;
		};
		B5C48D6828D8E8F000931D2E /* Release */ = {
			isa = XCBuildConfiguration;
			buildSettings = {
				ASSETCATALOG_COMPILER_APPICON_NAME = AppIcon;
				ASSETCATALOG_COMPILER_GLOBAL_ACCENT_COLOR_NAME = AccentColor;
				CODE_SIGN_STYLE = Automatic;
				CURRENT_PROJECT_VERSION = 1;
				DEVELOPMENT_TEAM = 343NX53M5H;
				GENERATE_INFOPLIST_FILE = YES;
				INFOPLIST_FILE = KoalaApp/Info.plist;
				INFOPLIST_KEY_UIApplicationSupportsIndirectInputEvents = YES;
				INFOPLIST_KEY_UILaunchStoryboardName = LaunchScreen;
				INFOPLIST_KEY_UIMainStoryboardFile = Main;
				INFOPLIST_KEY_UISupportedInterfaceOrientations_iPad = "UIInterfaceOrientationPortrait UIInterfaceOrientationPortraitUpsideDown UIInterfaceOrientationLandscapeLeft UIInterfaceOrientationLandscapeRight";
				INFOPLIST_KEY_UISupportedInterfaceOrientations_iPhone = "UIInterfaceOrientationPortrait UIInterfaceOrientationLandscapeLeft UIInterfaceOrientationLandscapeRight";
				LD_RUNPATH_SEARCH_PATHS = (
					"$(inherited)",
					"@executable_path/Frameworks",
				);
				MARKETING_VERSION = 1.0;
				PRODUCT_BUNDLE_IDENTIFIER = com.NerdInventions.KoalaApp;
				PRODUCT_NAME = "$(TARGET_NAME)";
				SWIFT_EMIT_LOC_STRINGS = YES;
				SWIFT_VERSION = 5.0;
				TARGETED_DEVICE_FAMILY = "1,2";
			};
			name = Release;
		};
/* End XCBuildConfiguration section */

/* Begin XCConfigurationList section */
		B5C48D4D28D8E8ED00931D2E /* Build configuration list for PBXProject "KoalaApp" */ = {
			isa = XCConfigurationList;
			buildConfigurations = (
				B5C48D6428D8E8F000931D2E /* Debug */,
				B5C48D6528D8E8F000931D2E /* Release */,
			);
			defaultConfigurationIsVisible = 0;
			defaultConfigurationName = Release;
		};
		B5C48D6628D8E8F000931D2E /* Build configuration list for PBXNativeTarget "KoalaApp" */ = {
			isa = XCConfigurationList;
			buildConfigurations = (
				B5C48D6728D8E8F000931D2E /* Debug */,
				B5C48D6828D8E8F000931D2E /* Release */,
			);
			defaultConfigurationIsVisible = 0;
			defaultConfigurationName = Release;
		};
/* End XCConfigurationList section */
	};
	rootObject = B5C48D4A28D8E8ED00931D2E /* Project object */;
}
